
Microsoft Visual Studio Solution File, Format Version 12.00
# Visual Studio Version 16
VisualStudioVersion = 16.0.30114.105
MinimumVisualStudioVersion = 10.0.40219.1
Project("{FAE04EC0-301F-11D3-BF4B-00C04F79EFBC}") = "LottoMk2.App", "src\LottoMk2.App\LottoMk2.App.csproj", "{669BD79C-70BB-4301-8235-8678148DB541}"
EndProject
Project("{FAE04EC0-301F-11D3-BF4B-00C04F79EFBC}") = "LottoMk2.Data", "src\LottoMk2.Data\LottoMk2.Data.csproj", "{A6D71A07-1703-47AA-8538-EE1B40CDCF86}"
EndProject
Project("{FAE04EC0-301F-11D3-BF4B-00C04F79EFBC}") = "LottoMk2.Entities", "src\LottoMk2.Entities\LottoMk2.Entities.csproj", "{9E9C1C13-A235-4632-9087-2127E5CD0FB6}"
EndProject
Project("{FAE04EC0-301F-11D3-BF4B-00C04F79EFBC}") = "LottoMk2.Data.Sqlite", "src\LottoMk2.Data.Sqlite\LottoMk2.Data.Sqlite.csproj", "{9833E218-C722-42D6-A705-E5EAE7CE142F}"
EndProject
Project("{FAE04EC0-301F-11D3-BF4B-00C04F79EFBC}") = "LottoMk2.Data.Services", "src\LottoMk2.Data.Services\LottoMk2.Data.Services.csproj", "{0C4EA067-4134-400B-81A1-AF5CC54D7AAB}"
EndProject
Project("{FAE04EC0-301F-11D3-BF4B-00C04F79EFBC}") = "LottoMk2.Services", "src\LottoMk2.Services\LottoMk2.Services.csproj", "{0833C75B-6CAF-43B8-8951-90627E635333}"
EndProject
Global
	GlobalSection(SolutionConfigurationPlatforms) = preSolution
		Debug|Any CPU = Debug|Any CPU
		Release|Any CPU = Release|Any CPU
	EndGlobalSection
	GlobalSection(SolutionProperties) = preSolution
		HideSolutionNode = FALSE
	EndGlobalSection
	GlobalSection(ProjectConfigurationPlatforms) = postSolution
		{669BD79C-70BB-4301-8235-8678148DB541}.Debug|Any CPU.ActiveCfg = Debug|Any CPU
		{669BD79C-70BB-4301-8235-8678148DB541}.Debug|Any CPU.Build.0 = Debug|Any CPU
		{669BD79C-70BB-4301-8235-8678148DB541}.Release|Any CPU.ActiveCfg = Release|Any CPU
		{669BD79C-70BB-4301-8235-8678148DB541}.Release|Any CPU.Build.0 = Release|Any CPU
		{A6D71A07-1703-47AA-8538-EE1B40CDCF86}.Debug|Any CPU.ActiveCfg = Debug|Any CPU
		{A6D71A07-1703-47AA-8538-EE1B40CDCF86}.Debug|Any CPU.Build.0 = Debug|Any CPU
		{A6D71A07-1703-47AA-8538-EE1B40CDCF86}.Release|Any CPU.ActiveCfg = Release|Any CPU
		{A6D71A07-1703-47AA-8538-EE1B40CDCF86}.Release|Any CPU.Build.0 = Release|Any CPU
		{9E9C1C13-A235-4632-9087-2127E5CD0FB6}.Debug|Any CPU.ActiveCfg = Debug|Any CPU
		{9E9C1C13-A235-4632-9087-2127E5CD0FB6}.Debug|Any CPU.Build.0 = Debug|Any CPU
		{9E9C1C13-A235-4632-9087-2127E5CD0FB6}.Release|Any CPU.ActiveCfg = Release|Any CPU
		{9E9C1C13-A235-4632-9087-2127E5CD0FB6}.Release|Any CPU.Build.0 = Release|Any CPU
		{9833E218-C722-42D6-A705-E5EAE7CE142F}.Debug|Any CPU.ActiveCfg = Debug|Any CPU
		{9833E218-C722-42D6-A705-E5EAE7CE142F}.Debug|Any CPU.Build.0 = Debug|Any CPU
		{9833E218-C722-42D6-A705-E5EAE7CE142F}.Release|Any CPU.ActiveCfg = Release|Any CPU
		{9833E218-C722-42D6-A705-E5EAE7CE142F}.Release|Any CPU.Build.0 = Release|Any CPU
		{0C4EA067-4134-400B-81A1-AF5CC54D7AAB}.Debug|Any CPU.ActiveCfg = Debug|Any CPU
		{0C4EA067-4134-400B-81A1-AF5CC54D7AAB}.Debug|Any CPU.Build.0 = Debug|Any CPU
		{0C4EA067-4134-400B-81A1-AF5CC54D7AAB}.Release|Any CPU.ActiveCfg = Release|Any CPU
		{0C4EA067-4134-400B-81A1-AF5CC54D7AAB}.Release|Any CPU.Build.0 = Release|Any CPU
		{0833C75B-6CAF-43B8-8951-90627E635333}.Debug|Any CPU.ActiveCfg = Debug|Any CPU
		{0833C75B-6CAF-43B8-8951-90627E635333}.Debug|Any CPU.Build.0 = Debug|Any CPU
		{0833C75B-6CAF-43B8-8951-90627E635333}.Release|Any CPU.ActiveCfg = Release|Any CPU
		{0833C75B-6CAF-43B8-8951-90627E635333}.Release|Any CPU.Build.0 = Release|Any CPU
	EndGlobalSection
EndGlobal
